
Microsoft Visual Studio Solution File, Format Version 12.00
# Visual Studio Version 17
VisualStudioVersion = 17.4.33110.190
MinimumVisualStudioVersion = 10.0.40219.1
Project("{2150E333-8FDC-42A3-9474-1A3956D46DE8}") = "src", "src", "{33E26168-4B85-4389-BF65-17A205A847CD}"
EndProject
Project("{2150E333-8FDC-42A3-9474-1A3956D46DE8}") = "API", "API", "{2C615926-B56D-4455-980B-DA79A0182945}"
EndProject
Project("{FAE04EC0-301F-11D3-BF4B-00C04F79EFBC}") = "HC_API", "src\API\HC_API\HC_API.csproj", "{7874D1E3-3F26-4FCC-855C-2A3C86C661D9}"
EndProject
Project("{2150E333-8FDC-42A3-9474-1A3956D46DE8}") = "APPLICATION", "APPLICATION", "{53D7EDAF-E954-428F-AFBD-9C7C52967DB4}"
EndProject
Project("{FAE04EC0-301F-11D3-BF4B-00C04F79EFBC}") = "HC_APPLICATION", "src\APPLICATION\HC_APPLICATION\HC_APPLICATION.csproj", "{A0AF6F44-218A-4DF3-A4E8-62F83FC2C6F6}"
EndProject
Project("{2150E333-8FDC-42A3-9474-1A3956D46DE8}") = "DOMAIN", "DOMAIN", "{CA25472A-3378-4CC9-99C6-1AA66A58E4F3}"
EndProject
Project("{FAE04EC0-301F-11D3-BF4B-00C04F79EFBC}") = "HC_DOMAIN", "src\DOMAIN\HC_DOMAIN\HC_DOMAIN.csproj", "{A6EF985E-735D-484F-B590-DE9A3C4F05AE}"
EndProject
Project("{2150E333-8FDC-42A3-9474-1A3956D46DE8}") = "INFRASTRUCTURE", "INFRASTRUCTURE", "{27DFC7DC-C237-4D9E-9860-07A5579FD1D4}"
EndProject
Project("{FAE04EC0-301F-11D3-BF4B-00C04F79EFBC}") = "HC_INFRASTRUCTURE", "src\INFRASTRUCTURE\HC_INFRASTRUCTURE\HC_INFRASTRUCTURE.csproj", "{485B965F-EAA5-486D-8E72-54484723EFC9}"
EndProject
Project("{2150E333-8FDC-42A3-9474-1A3956D46DE8}") = "PRESENTATION", "PRESENTATION", "{F19E1CF2-CABE-4F24-87E7-1942583CA99B}"
EndProject
Project("{FAE04EC0-301F-11D3-BF4B-00C04F79EFBC}") = "HC_PRESENTATION", "src\PRESENTATION\HC_PRESENTATION\HC_PRESENTATION.csproj", "{D55AE1E9-D409-419E-A7D4-1EECD4EE0056}"
EndProject
Global
	GlobalSection(SolutionConfigurationPlatforms) = preSolution
		Debug|Any CPU = Debug|Any CPU
		Release|Any CPU = Release|Any CPU
	EndGlobalSection
	GlobalSection(ProjectConfigurationPlatforms) = postSolution
		{7874D1E3-3F26-4FCC-855C-2A3C86C661D9}.Debug|Any CPU.ActiveCfg = Debug|Any CPU
		{7874D1E3-3F26-4FCC-855C-2A3C86C661D9}.Debug|Any CPU.Build.0 = Debug|Any CPU
		{7874D1E3-3F26-4FCC-855C-2A3C86C661D9}.Release|Any CPU.ActiveCfg = Release|Any CPU
		{7874D1E3-3F26-4FCC-855C-2A3C86C661D9}.Release|Any CPU.Build.0 = Release|Any CPU
		{A0AF6F44-218A-4DF3-A4E8-62F83FC2C6F6}.Debug|Any CPU.ActiveCfg = Debug|Any CPU
		{A0AF6F44-218A-4DF3-A4E8-62F83FC2C6F6}.Debug|Any CPU.Build.0 = Debug|Any CPU
		{A0AF6F44-218A-4DF3-A4E8-62F83FC2C6F6}.Release|Any CPU.ActiveCfg = Release|Any CPU
		{A0AF6F44-218A-4DF3-A4E8-62F83FC2C6F6}.Release|Any CPU.Build.0 = Release|Any CPU
		{A6EF985E-735D-484F-B590-DE9A3C4F05AE}.Debug|Any CPU.ActiveCfg = Debug|Any CPU
		{A6EF985E-735D-484F-B590-DE9A3C4F05AE}.Debug|Any CPU.Build.0 = Debug|Any CPU
		{A6EF985E-735D-484F-B590-DE9A3C4F05AE}.Release|Any CPU.ActiveCfg = Release|Any CPU
		{A6EF985E-735D-484F-B590-DE9A3C4F05AE}.Release|Any CPU.Build.0 = Release|Any CPU
		{485B965F-EAA5-486D-8E72-54484723EFC9}.Debug|Any CPU.ActiveCfg = Debug|Any CPU
		{485B965F-EAA5-486D-8E72-54484723EFC9}.Debug|Any CPU.Build.0 = Debug|Any CPU
		{485B965F-EAA5-486D-8E72-54484723EFC9}.Release|Any CPU.ActiveCfg = Release|Any CPU
		{485B965F-EAA5-486D-8E72-54484723EFC9}.Release|Any CPU.Build.0 = Release|Any CPU
		{D55AE1E9-D409-419E-A7D4-1EECD4EE0056}.Debug|Any CPU.ActiveCfg = Debug|Any CPU
		{D55AE1E9-D409-419E-A7D4-1EECD4EE0056}.Debug|Any CPU.Build.0 = Debug|Any CPU
		{D55AE1E9-D409-419E-A7D4-1EECD4EE0056}.Release|Any CPU.ActiveCfg = Release|Any CPU
		{D55AE1E9-D409-419E-A7D4-1EECD4EE0056}.Release|Any CPU.Build.0 = Release|Any CPU
	EndGlobalSection
	GlobalSection(SolutionProperties) = preSolution
		HideSolutionNode = FALSE
	EndGlobalSection
	GlobalSection(NestedProjects) = preSolution
		{2C615926-B56D-4455-980B-DA79A0182945} = {33E26168-4B85-4389-BF65-17A205A847CD}
		{7874D1E3-3F26-4FCC-855C-2A3C86C661D9} = {2C615926-B56D-4455-980B-DA79A0182945}
		{53D7EDAF-E954-428F-AFBD-9C7C52967DB4} = {33E26168-4B85-4389-BF65-17A205A847CD}
		{A0AF6F44-218A-4DF3-A4E8-62F83FC2C6F6} = {53D7EDAF-E954-428F-AFBD-9C7C52967DB4}
		{CA25472A-3378-4CC9-99C6-1AA66A58E4F3} = {33E26168-4B85-4389-BF65-17A205A847CD}
		{A6EF985E-735D-484F-B590-DE9A3C4F05AE} = {CA25472A-3378-4CC9-99C6-1AA66A58E4F3}
		{27DFC7DC-C237-4D9E-9860-07A5579FD1D4} = {33E26168-4B85-4389-BF65-17A205A847CD}
		{485B965F-EAA5-486D-8E72-54484723EFC9} = {27DFC7DC-C237-4D9E-9860-07A5579FD1D4}
		{F19E1CF2-CABE-4F24-87E7-1942583CA99B} = {33E26168-4B85-4389-BF65-17A205A847CD}
		{D55AE1E9-D409-419E-A7D4-1EECD4EE0056} = {F19E1CF2-CABE-4F24-87E7-1942583CA99B}
	EndGlobalSection
	GlobalSection(ExtensibilityGlobals) = postSolution
		SolutionGuid = {BC3534A4-8CD8-4ADA-81A8-4D2670498087}
	EndGlobalSection
EndGlobal
